github.com/bool64/dev v0.2.32 h1:DRZtloaoH1Igky3zphaUHV9+SLIV2H3lsf78JsJHFg0=
github.com/bool64/dev v0.2.32/go.mod h1:iJbh1y/HkunEPhgebWRNcs8wfGq7sjvJ6W5iabL8ACg=
github.com/bool64/dev v0.2.33 h1:ETAcSa8H9w4talcCdSQCCnLX7PMHmuxdLcDl6TpSDj4=
github.com/bool64/dev v0.2.33/go.mod h1:iJbh1y/HkunEPhgebWRNcs8wfGq7sjvJ6W5iabL8ACg=
